// !$*UTF8*$!
{
	archiveVersion = 1;
	classes = {
	};
	objectVersion = 46;
	objects = {

/* Begin PBXBuildFile section */
		B272BDB04DB65720A79E8CAF /* libPods.a in Frameworks */ = {isa = PBXBuildFile; fileRef = 6F5AA41D47FE9D76262CDA4A /* libPods.a */; };
		C441A91D19EC712D008E50C8 /* main.m in Sources */ = {isa = PBXBuildFile; fileRef = C441A91C19EC712D008E50C8 /* main.m */; };
		C441A92019EC712D008E50C8 /* AppDelegate.m in Sources */ = {isa = PBXBuildFile; fileRef = C441A91F19EC712D008E50C8 /* AppDelegate.m */; };
		C441A92319EC712D008E50C8 /* ViewController.m in Sources */ = {isa = PBXBuildFile; fileRef = C441A92219EC712D008E50C8 /* ViewController.m */; };
		C441A92619EC712D008E50C8 /* Main.storyboard in Resources */ = {isa = PBXBuildFile; fileRef = C441A92419EC712D008E50C8 /* Main.storyboard */; };
		C441A92819EC712D008E50C8 /* Images.xcassets in Resources */ = {isa = PBXBuildFile; fileRef = C441A92719EC712D008E50C8 /* Images.xcassets */; };
		C441A92B19EC712D008E50C8 /* LaunchScreen.xib in Resources */ = {isa = PBXBuildFile; fileRef = C441A92919EC712D008E50C8 /* LaunchScreen.xib */; };
		C441A93719EC712D008E50C8 /* rottenTomatoesDemoTests.m in Sources */ = {isa = PBXBuildFile; fileRef = C441A93619EC712D008E50C8 /* rottenTomatoesDemoTests.m */; };
		C441A94319EEBA19008E50C8 /* MoviesViewController.m in Sources */ = {isa = PBXBuildFile; fileRef = C441A94119EEBA19008E50C8 /* MoviesViewController.m */; };
		C441A94419EEBA19008E50C8 /* MoviesViewController.xib in Resources */ = {isa = PBXBuildFile; fileRef = C441A94219EEBA19008E50C8 /* MoviesViewController.xib */; };
		C441A94819EED421008E50C8 /* MovieCell.m in Sources */ = {isa = PBXBuildFile; fileRef = C441A94619EED421008E50C8 /* MovieCell.m */; };
		C441A94919EED421008E50C8 /* MovieCell.xib in Resources */ = {isa = PBXBuildFile; fileRef = C441A94719EED421008E50C8 /* MovieCell.xib */; };
		C467C15C19F46DFF0098B017 /* MovieDetailViewController.m in Sources */ = {isa = PBXBuildFile; fileRef = C467C15A19F46DFF0098B017 /* MovieDetailViewController.m */; };
		C467C15D19F46DFF0098B017 /* MovieDetailViewController.xib in Resources */ = {isa = PBXBuildFile; fileRef = C467C15B19F46DFF0098B017 /* MovieDetailViewController.xib */; };
/* End PBXBuildFile section */

/* Begin PBXContainerItemProxy section */
		C441A93119EC712D008E50C8 /* PBXContainerItemProxy */ = {
			isa = PBXContainerItemProxy;
			containerPortal = C441A90F19EC712D008E50C8 /* Project object */;
			proxyType = 1;
			remoteGlobalIDString = C441A91619EC712D008E50C8;
			remoteInfo = rottenTomatoesDemo;
		};
/* End PBXContainerItemProxy section */

/* Begin PBXFileReference section */
		351267DF176119288C746061 /* Pods.debug.xcconfig */ = {isa = PBXFileReference; includeInIndex = 1; lastKnownFileType = text.xcconfig; name = Pods.debug.xcconfig; path = "Pods/Target Support Files/Pods/Pods.debug.xcconfig"; sourceTree = "<group>"; };
		6F5AA41D47FE9D76262CDA4A /* libPods.a */ = {isa = PBXFileReference; explicitFileType = archive.ar; includeInIndex = 0; path = libPods.a; sourceTree = BUILT_PRODUCTS_DIR; };
		74E39DED5F1498719BB301DE /* Pods.release.xcconfig */ = {isa = PBXFileReference; includeInIndex = 1; lastKnownFileType = text.xcconfig; name = Pods.release.xcconfig; path = "Pods/Target Support Files/Pods/Pods.release.xcconfig"; sourceTree = "<group>"; };
		C441A91719EC712D008E50C8 /* rottenTomatoesDemo.app */ = {isa = PBXFileReference; explicitFileType = wrapper.application; includeInIndex = 0; path = rottenTomatoesDemo.app; sourceTree = BUILT_PRODUCTS_DIR; };
		C441A91B19EC712D008E50C8 /* Info.plist */ = {isa = PBXFileReference; lastKnownFileType = text.plist.xml; path = Info.plist; sourceTree = "<group>"; };
		C441A91C19EC712D008E50C8 /* main.m */ = {isa = PBXFileReference; lastKnownFileType = sourcecode.c.objc; path = main.m; sourceTree = "<group>"; };
		C441A91E19EC712D008E50C8 /* AppDelegate.h */ = {isa = PBXFileReference; lastKnownFileType = sourcecode.c.h; path = AppDelegate.h; sourceTree = "<group>"; };
		C441A91F19EC712D008E50C8 /* AppDelegate.m */ = {isa = PBXFileReference; lastKnownFileType = sourcecode.c.objc; path = AppDelegate.m; sourceTree = "<group>"; };
		C441A92119EC712D008E50C8 /* ViewController.h */ = {isa = PBXFileReference; lastKnownFileType = sourcecode.c.h; path = ViewController.h; sourceTree = "<group>"; };
		C441A92219EC712D008E50C8 /* ViewController.m */ = {isa = PBXFileReference; lastKnownFileType = sourcecode.c.objc; path = ViewController.m; sourceTree = "<group>"; };
		C441A92519EC712D008E50C8 /* Base */ = {isa = PBXFileReference; lastKnownFileType = file.storyboard; name = Base; path = Base.lproj/Main.storyboard; sourceTree = "<group>"; };
		C441A92719EC712D008E50C8 /* Images.xcassets */ = {isa = PBXFileReference; lastKnownFileType = folder.assetcatalog; path = Images.xcassets; sourceTree = "<group>"; };
		C441A92A19EC712D008E50C8 /* Base */ = {isa = PBXFileReference; lastKnownFileType = file.xib; name = Base; path = Base.lproj/LaunchScreen.xib; sourceTree = "<group>"; };
		C441A93019EC712D008E50C8 /* rottenTomatoesDemoTests.xctest */ = {isa = PBXFileReference; explicitFileType = wrapper.cfbundle; includeInIndex = 0; path = rottenTomatoesDemoTests.xctest; sourceTree = BUILT_PRODUCTS_DIR; };
		C441A93519EC712D008E50C8 /* Info.plist */ = {isa = PBXFileReference; lastKnownFileType = text.plist.xml; path = Info.plist; sourceTree = "<group>"; };
		C441A93619EC712D008E50C8 /* rottenTomatoesDemoTests.m */ = {isa = PBXFileReference; lastKnownFileType = sourcecode.c.objc; path = rottenTomatoesDemoTests.m; sourceTree = "<group>"; };
		C441A94019EEBA19008E50C8 /* MoviesViewController.h */ = {isa = PBXFileReference; fileEncoding = 4; lastKnownFileType = sourcecode.c.h; path = MoviesViewController.h; sourceTree = "<group>"; };
		C441A94119EEBA19008E50C8 /* MoviesViewController.m */ = {isa = PBXFileReference; fileEncoding = 4; lastKnownFileType = sourcecode.c.objc; path = MoviesViewController.m; sourceTree = "<group>"; };
		C441A94219EEBA19008E50C8 /* MoviesViewController.xib */ = {isa = PBXFileReference; fileEncoding = 4; lastKnownFileType = file.xib; path = MoviesViewController.xib; sourceTree = "<group>"; };
		C441A94519EED421008E50C8 /* MovieCell.h */ = {isa = PBXFileReference; fileEncoding = 4; lastKnownFileType = sourcecode.c.h; path = MovieCell.h; sourceTree = "<group>"; };
		C441A94619EED421008E50C8 /* MovieCell.m */ = {isa = PBXFileReference; fileEncoding = 4; lastKnownFileType = sourcecode.c.objc; path = MovieCell.m; sourceTree = "<group>"; };
		C441A94719EED421008E50C8 /* MovieCell.xib */ = {isa = PBXFileReference; fileEncoding = 4; lastKnownFileType = file.xib; path = MovieCell.xib; sourceTree = "<group>"; };
		C467C15919F46DFF0098B017 /* MovieDetailViewController.h */ = {isa = PBXFileReference; fileEncoding = 4; lastKnownFileType = sourcecode.c.h; path = MovieDetailViewController.h; sourceTree = "<group>"; };
		C467C15A19F46DFF0098B017 /* MovieDetailViewController.m */ = {isa = PBXFileReference; fileEncoding = 4; lastKnownFileType = sourcecode.c.objc; path = MovieDetailViewController.m; sourceTree = "<group>"; };
		C467C15B19F46DFF0098B017 /* MovieDetailViewController.xib */ = {isa = PBXFileReference; fileEncoding = 4; lastKnownFileType = file.xib; path = MovieDetailViewController.xib; sourceTree = "<group>"; };
/* End PBXFileReference section */

/* Begin PBXFrameworksBuildPhase section */
		C441A91419EC712D008E50C8 /* Frameworks */ = {
			isa = PBXFrameworksBuildPhase;
			buildActionMask = 2147483647;
			files = (
				B272BDB04DB65720A79E8CAF /* libPods.a in Frameworks */,
			);
			runOnlyForDeploymentPostprocessing = 0;
		};
		C441A92D19EC712D008E50C8 /* Frameworks */ = {
			isa = PBXFrameworksBuildPhase;
			buildActionMask = 2147483647;
			files = (
			);
			runOnlyForDeploymentPostprocessing = 0;
		};
/* End PBXFrameworksBuildPhase section */

/* Begin PBXGroup section */
		3DE4E03B20829448168F39C6 /* Frameworks */ = {
			isa = PBXGroup;
			children = (
				6F5AA41D47FE9D76262CDA4A /* libPods.a */,
			);
			name = Frameworks;
			sourceTree = "<group>";
		};
		9B7BB5A86D10CAD80AE0B0DC /* Pods */ = {
			isa = PBXGroup;
			children = (
				351267DF176119288C746061 /* Pods.debug.xcconfig */,
				74E39DED5F1498719BB301DE /* Pods.release.xcconfig */,
			);
			name = Pods;
			sourceTree = "<group>";
		};
		C441A90E19EC712D008E50C8 = {
			isa = PBXGroup;
			children = (
				C441A91919EC712D008E50C8 /* rottenTomatoesDemo */,
				C441A93319EC712D008E50C8 /* rottenTomatoesDemoTests */,
				C441A91819EC712D008E50C8 /* Products */,
				9B7BB5A86D10CAD80AE0B0DC /* Pods */,
				3DE4E03B20829448168F39C6 /* Frameworks */,
			);
			sourceTree = "<group>";
		};
		C441A91819EC712D008E50C8 /* Products */ = {
			isa = PBXGroup;
			children = (
				C441A91719EC712D008E50C8 /* rottenTomatoesDemo.app */,
				C441A93019EC712D008E50C8 /* rottenTomatoesDemoTests.xctest */,
			);
			name = Products;
			sourceTree = "<group>";
		};
		C441A91919EC712D008E50C8 /* rottenTomatoesDemo */ = {
			isa = PBXGroup;
			children = (
				C441A91E19EC712D008E50C8 /* AppDelegate.h */,
				C441A91F19EC712D008E50C8 /* AppDelegate.m */,
				C441A92119EC712D008E50C8 /* ViewController.h */,
				C441A92219EC712D008E50C8 /* ViewController.m */,
				C441A92419EC712D008E50C8 /* Main.storyboard */,
				C441A92719EC712D008E50C8 /* Images.xcassets */,
				C441A92919EC712D008E50C8 /* LaunchScreen.xib */,
				C441A91A19EC712D008E50C8 /* Supporting Files */,
				C441A94019EEBA19008E50C8 /* MoviesViewController.h */,
				C441A94119EEBA19008E50C8 /* MoviesViewController.m */,
				C441A94219EEBA19008E50C8 /* MoviesViewController.xib */,
				C441A94519EED421008E50C8 /* MovieCell.h */,
				C441A94619EED421008E50C8 /* MovieCell.m */,
				C441A94719EED421008E50C8 /* MovieCell.xib */,
				C467C15919F46DFF0098B017 /* MovieDetailViewController.h */,
				C467C15A19F46DFF0098B017 /* MovieDetailViewController.m */,
				C467C15B19F46DFF0098B017 /* MovieDetailViewController.xib */,
			);
			path = rottenTomatoesDemo;
			sourceTree = "<group>";
		};
		C441A91A19EC712D008E50C8 /* Supporting Files */ = {
			isa = PBXGroup;
			children = (
				C441A91B19EC712D008E50C8 /* Info.plist */,
				C441A91C19EC712D008E50C8 /* main.m */,
			);
			name = "Supporting Files";
			sourceTree = "<group>";
		};
		C441A93319EC712D008E50C8 /* rottenTomatoesDemoTests */ = {
			isa = PBXGroup;
			children = (
				C441A93619EC712D008E50C8 /* rottenTomatoesDemoTests.m */,
				C441A93419EC712D008E50C8 /* Supporting Files */,
			);
			path = rottenTomatoesDemoTests;
			sourceTree = "<group>";
		};
		C441A93419EC712D008E50C8 /* Supporting Files */ = {
			isa = PBXGroup;
			children = (
				C441A93519EC712D008E50C8 /* Info.plist */,
			);
			name = "Supporting Files";
			sourceTree = "<group>";
		};
/* End PBXGroup section */

/* Begin PBXNativeTarget section */
		C441A91619EC712D008E50C8 /* rottenTomatoesDemo */ = {
			isa = PBXNativeTarget;
			buildConfigurationList = C441A93A19EC712D008E50C8 /* Build configuration list for PBXNativeTarget "rottenTomatoesDemo" */;
			buildPhases = (
				4AB1BA74D48FB6BD5E1ED5E8 /* Check Pods Manifest.lock */,
				C441A91319EC712D008E50C8 /* Sources */,
				C441A91419EC712D008E50C8 /* Frameworks */,
				C441A91519EC712D008E50C8 /* Resources */,
				662CCB4E7F2227AB3BD315BE /* Copy Pods Resources */,
			);
			buildRules = (
			);
			dependencies = (
			);
			name = rottenTomatoesDemo;
			productName = rottenTomatoesDemo;
			productReference = C441A91719EC712D008E50C8 /* rottenTomatoesDemo.app */;
			productType = "com.apple.product-type.application";
		};
		C441A92F19EC712D008E50C8 /* rottenTomatoesDemoTests */ = {
			isa = PBXNativeTarget;
			buildConfigurationList = C441A93D19EC712D008E50C8 /* Build configuration list for PBXNativeTarget "rottenTomatoesDemoTests" */;
			buildPhases = (
				C441A92C19EC712D008E50C8 /* Sources */,
				C441A92D19EC712D008E50C8 /* Frameworks */,
				C441A92E19EC712D008E50C8 /* Resources */,
			);
			buildRules = (
			);
			dependencies = (
				C441A93219EC712D008E50C8 /* PBXTargetDependency */,
			);
			name = rottenTomatoesDemoTests;
			productName = rottenTomatoesDemoTests;
			productReference = C441A93019EC712D008E50C8 /* rottenTomatoesDemoTests.xctest */;
			productType = "com.apple.product-type.bundle.unit-test";
		};
/* End PBXNativeTarget section */

/* Begin PBXProject section */
		C441A90F19EC712D008E50C8 /* Project object */ = {
			isa = PBXProject;
			attributes = {
				LastUpgradeCheck = 0600;
				ORGANIZATIONNAME = "Sumeet Ungratwar";
				TargetAttributes = {
					C441A91619EC712D008E50C8 = {
						CreatedOnToolsVersion = 6.0.1;
					};
					C441A92F19EC712D008E50C8 = {
						CreatedOnToolsVersion = 6.0.1;
						TestTargetID = C441A91619EC712D008E50C8;
					};
				};
			};
			buildConfigurationList = C441A91219EC712D008E50C8 /* Build configuration list for PBXProject "rottenTomatoesDemo" */;
			compatibilityVersion = "Xcode 3.2";
			developmentRegion = English;
			hasScannedForEncodings = 0;
			knownRegions = (
				en,
				Base,
			);
			mainGroup = C441A90E19EC712D008E50C8;
			productRefGroup = C441A91819EC712D008E50C8 /* Products */;
			projectDirPath = "";
			projectRoot = "";
			targets = (
				C441A91619EC712D008E50C8 /* rottenTomatoesDemo */,
				C441A92F19EC712D008E50C8 /* rottenTomatoesDemoTests */,
			);
		};
/* End PBXProject section */

/* Begin PBXResourcesBuildPhase section */
		C441A91519EC712D008E50C8 /* Resources */ = {
			isa = PBXResourcesBuildPhase;
			buildActionMask = 2147483647;
			files = (
				C467C15D19F46DFF0098B017 /* MovieDetailViewController.xib in Resources */,
				C441A92619EC712D008E50C8 /* Main.storyboard in Resources */,
				C441A92B19EC712D008E50C8 /* LaunchScreen.xib in Resources */,
				C441A92819EC712D008E50C8 /* Images.xcassets in Resources */,
				C441A94419EEBA19008E50C8 /* MoviesViewController.xib in Resources */,
				C441A94919EED421008E50C8 /* MovieCell.xib in Resources */,
			);
			runOnlyForDeploymentPostprocessing = 0;
		};
		C441A92E19EC712D008E50C8 /* Resources */ = {
			isa = PBXResourcesBuildPhase;
			buildActionMask = 2147483647;
			files = (
			);
			runOnlyForDeploymentPostprocessing = 0;
		};
/* End PBXResourcesBuildPhase section */

/* Begin PBXShellScriptBuildPhase section */
		4AB1BA74D48FB6BD5E1ED5E8 /* Check Pods Manifest.lock */ = {
			isa = PBXShellScriptBuildPhase;
			buildActionMask = 2147483647;
			files = (
			);
			inputPaths = (
			);
			name = "Check Pods Manifest.lock";
			outputPaths = (
			);
			runOnlyForDeploymentPostprocessing = 0;
			shellPath = /bin/sh;
			shellScript = "diff \"${PODS_ROOT}/../Podfile.lock\" \"${PODS_ROOT}/Manifest.lock\" > /dev/null\nif [[ $? != 0 ]] ; then\n    cat << EOM\nerror: The sandbox is not in sync with the Podfile.lock. Run 'pod install' or update your CocoaPods installation.\nEOM\n    exit 1\nfi\n";
			showEnvVarsInLog = 0;
		};
		662CCB4E7F2227AB3BD315BE /* Copy Pods Resources */ = {
			isa = PBXShellScriptBuildPhase;
			buildActionMask = 2147483647;
			files = (
			);
			inputPaths = (
			);
			name = "Copy Pods Resources";
			outputPaths = (
			);
			runOnlyForDeploymentPostprocessing = 0;
			shellPath = /bin/sh;
			shellScript = "\"${SRCROOT}/Pods/Target Support Files/Pods/Pods-resources.sh\"\n";
			showEnvVarsInLog = 0;
		};
/* End PBXShellScriptBuildPhase section */

/* Begin PBXSourcesBuildPhase section */
		C441A91319EC712D008E50C8 /* Sources */ = {
			isa = PBXSourcesBuildPhase;
			buildActionMask = 2147483647;
			files = (
				C467C15C19F46DFF0098B017 /* MovieDetailViewController.m in Sources */,
				C441A92319EC712D008E50C8 /* ViewController.m in Sources */,
				C441A94819EED421008E50C8 /* MovieCell.m in Sources */,
				C441A92019EC712D008E50C8 /* AppDelegate.m in Sources */,
				C441A91D19EC712D008E50C8 /* main.m in Sources */,
				C441A94319EEBA19008E50C8 /* MoviesViewController.m in Sources */,
			);
			runOnlyForDeploymentPostprocessing = 0;
		};
		C441A92C19EC712D008E50C8 /* Sources */ = {
			isa = PBXSourcesBuildPhase;
			buildActionMask = 2147483647;
			files = (
				C441A93719EC712D008E50C8 /* rottenTomatoesDemoTests.m in Sources */,
			);
			runOnlyForDeploymentPostprocessing = 0;
		};
/* End PBXSourcesBuildPhase section */

/* Begin PBXTargetDependency section */
		C441A93219EC712D008E50C8 /* PBXTargetDependency */ = {
			isa = PBXTargetDependency;
			target = C441A91619EC712D008E50C8 /* rottenTomatoesDemo */;
			targetProxy = C441A93119EC712D008E50C8 /* PBXContainerItemProxy */;
		};
/* End PBXTargetDependency section */

/* Begin PBXVariantGroup section */
		C441A92419EC712D008E50C8 /* Main.storyboard */ = {
			isa = PBXVariantGroup;
			children = (
				C441A92519EC712D008E50C8 /* Base */,
			);
			name = Main.storyboard;
			sourceTree = "<group>";
		};
		C441A92919EC712D008E50C8 /* LaunchScreen.xib */ = {
			isa = PBXVariantGroup;
			children = (
				C441A92A19EC712D008E50C8 /* Base */,
			);
			name = LaunchScreen.xib;
			sourceTree = "<group>";
		};
/* End PBXVariantGroup section */

/* Begin XCBuildConfiguration section */
		C441A93819EC712D008E50C8 /* Debug */ = {
			isa = XCBuildConfiguration;
			buildSettings = {
				ALWAYS_SEARCH_USER_PATHS = NO;
				CLANG_CXX_LANGUAGE_STANDARD = "gnu++0x";
				CLANG_CXX_LIBRARY = "libc++";
				CLANG_ENABLE_MODULES = YES;
				CLANG_ENABLE_OBJC_ARC = YES;
				CLANG_WARN_BOOL_CONVERSION = YES;
				CLANG_WARN_CONSTANT_CONVERSION = YES;
				CLANG_WARN_DIRECT_OBJC_ISA_USAGE = YES_ERROR;
				CLANG_WARN_EMPTY_BODY = YES;
				CLANG_WARN_ENUM_CONVERSION = YES;
				CLANG_WARN_INT_CONVERSION = YES;
				CLANG_WARN_OBJC_ROOT_CLASS = YES_ERROR;
				CLANG_WARN_UNREACHABLE_CODE = YES;
				CLANG_WARN__DUPLICATE_METHOD_MATCH = YES;
				"CODE_SIGN_IDENTITY[sdk=iphoneos*]" = "iPhone Developer";
				COPY_PHASE_STRIP = NO;
				ENABLE_STRICT_OBJC_MSGSEND = YES;
				GCC_C_LANGUAGE_STANDARD = gnu99;
				GCC_DYNAMIC_NO_PIC = NO;
				GCC_OPTIMIZATION_LEVEL = 0;
				GCC_PREPROCESSOR_DEFINITIONS = (
					"DEBUG=1",
					"$(inherited)",
				);
				GCC_SYMBOLS_PRIVATE_EXTERN = NO;
				GCC_WARN_64_TO_32_BIT_CONVERSION = YES;
				GCC_WARN_ABOUT_RETURN_TYPE = YES_ERROR;
				GCC_WARN_UNDECLARED_SELECTOR = YES;
				GCC_WARN_UNINITIALIZED_AUTOS = YES_AGGRESSIVE;
				GCC_WARN_UNUSED_FUNCTION = YES;
				GCC_WARN_UNUSED_VARIABLE = YES;
				IPHONEOS_DEPLOYMENT_TARGET = 8.0;
				MTL_ENABLE_DEBUG_INFO = YES;
				ONLY_ACTIVE_ARCH = YES;
				SDKROOT = iphoneos;
				TARGETED_DEVICE_FAMILY = "1,2";
			};
			name = Debug;
		};
		C441A93919EC712D008E50C8 /* Release */ = {
			isa = XCBuildConfiguration;
			buildSettings = {
				ALWAYS_SEARCH_USER_PATHS = NO;
				CLANG_CXX_LANGUAGE_STANDARD = "gnu++0x";
				CLANG_CXX_LIBRARY = "libc++";
				CLANG_ENABLE_MODULES = YES;
				CLANG_ENABLE_OBJC_ARC = YES;
				CLANG_WARN_BOOL_CONVERSION = YES;
				CLANG_WARN_CONSTANT_CONVERSION = YES;
				CLANG_WARN_DIRECT_OBJC_ISA_USAGE = YES_ERROR;
				CLANG_WARN_EMPTY_BODY = YES;
				CLANG_WARN_ENUM_CONVERSION = YES;
				CLANG_WARN_INT_CONVERSION = YES;
				CLANG_WARN_OBJC_ROOT_CLASS = YES_ERROR;
				CLANG_WARN_UNREACHABLE_CODE = YES;
				CLANG_WARN__DUPLICATE_METHOD_MATCH = YES;
				"CODE_SIGN_IDENTITY[sdk=iphoneos*]" = "iPhone Developer";
				COPY_PHASE_STRIP = YES;
				ENABLE_NS_ASSERTIONS = NO;
				ENABLE_STRICT_OBJC_MSGSEND = YES;
				GCC_C_LANGUAGE_STANDARD = gnu99;
				GCC_WARN_64_TO_32_BIT_CONVERSION = YES;
				GCC_WARN_ABOUT_RETURN_TYPE = YES_ERROR;
				GCC_WARN_UNDECLARED_SELECTOR = YES;
				GCC_WARN_UNINITIALIZED_AUTOS = YES_AGGRESSIVE;
				GCC_WARN_UNUSED_FUNCTION = YES;
				GCC_WARN_UNUSED_VARIABLE = YES;
				IPHONEOS_DEPLOYMENT_TARGET = 8.0;
				MTL_ENABLE_DEBUG_INFO = NO;
				SDKROOT = iphoneos;
				TARGETED_DEVICE_FAMILY = "1,2";
				VALIDATE_PRODUCT = YES;
			};
			name = Release;
		};
		C441A93B19EC712D008E50C8 /* Debug */ = {
			isa = XCBuildConfiguration;
			baseConfigurationReference = 351267DF176119288C746061 /* Pods.debug.xcconfig */;
			buildSettings = {
				ASSETCATALOG_COMPILER_APPICON_NAME = AppIcon;
				INFOPLIST_FILE = rottenTomatoesDemo/Info.plist;
				LD_RUNPATH_SEARCH_PATHS = "$(inherited) @executable_path/Frameworks";
				PRODUCT_NAME = "$(TARGET_NAME)";
			};
			name = Debug;
		};
		C441A93C19EC712D008E50C8 /* Release */ = {
			isa = XCBuildConfiguration;
			baseConfigurationReference = 74E39DED5F1498719BB301DE /* Pods.release.xcconfig */;
			buildSettings = {
				ASSETCATALOG_COMPILER_APPICON_NAME = AppIcon;
				INFOPLIST_FILE = rottenTomatoesDemo/Info.plist;
				LD_RUNPATH_SEARCH_PATHS = "$(inherited) @executable_path/Frameworks";
				PRODUCT_NAME = "$(TARGET_NAME)";
			};
			name = Release;
		};
		C441A93E19EC712D008E50C8 /* Debug */ = {
			isa = XCBuildConfiguration;
			buildSettings = {
				BUNDLE_LOADER = "$(TEST_HOST)";
				FRAMEWORK_SEARCH_PATHS = (
					"$(SDKROOT)/Developer/Library/Frameworks",
					"$(inherited)",
				);
				GCC_PREPROCESSOR_DEFINITIONS = (
					"DEBUG=1",
					"$(inherited)",
				);
				INFOPLIST_FILE = rottenTomatoesDemoTests/Info.plist;
				LD_RUNPATH_SEARCH_PATHS = "$(inherited) @executable_path/Frameworks @loader_path/Frameworks";
				PRODUCT_NAME = "$(TARGET_NAME)";
				TEST_HOST = "$(BUILT_PRODUCTS_DIR)/rottenTomatoesDemo.app/rottenTomatoesDemo";
			};
			name = Debug;
		};
		C441A93F19EC712D008E50C8 /* Release */ = {
			isa = XCBuildConfiguration;
			buildSettings = {
				BUNDLE_LOADER = "$(TEST_HOST)";
				FRAMEWORK_SEARCH_PATHS = (
					"$(SDKROOT)/Developer/Library/Frameworks",
					"$(inherited)",
				);
				INFOPLIST_FILE = rottenTomatoesDemoTests/Info.plist;
				LD_RUNPATH_SEARCH_PATHS = "$(inherited) @executable_path/Frameworks @loader_path/Frameworks";
				PRODUCT_NAME = "$(TARGET_NAME)";
				TEST_HOST = "$(BUILT_PRODUCTS_DIR)/rottenTomatoesDemo.app/rottenTomatoesDemo";
			};
			name = Release;
		};
/* End XCBuildConfiguration section */

/* Begin XCConfigurationList section */
		C441A91219EC712D008E50C8 /* Build configuration list for PBXProject "rottenTomatoesDemo" */ = {
			isa = XCConfigurationList;
			buildConfigurations = (
				C441A93819EC712D008E50C8 /* Debug */,
				C441A93919EC712D008E50C8 /* Release */,
			);
			defaultConfigurationIsVisible = 0;
			defaultConfigurationName = Release;
		};
		C441A93A19EC712D008E50C8 /* Build configuration list for PBXNativeTarget "rottenTomatoesDemo" */ = {
			isa = XCConfigurationList;
			buildConfigurations = (
				C441A93B19EC712D008E50C8 /* Debug */,
				C441A93C19EC712D008E50C8 /* Release */,
			);
			defaultConfigurationIsVisible = 0;
			defaultConfigurationName = Release;
		};
		C441A93D19EC712D008E50C8 /* Build configuration list for PBXNativeTarget "rottenTomatoesDemoTests" */ = {
			isa = XCConfigurationList;
			buildConfigurations = (
				C441A93E19EC712D008E50C8 /* Debug */,
				C441A93F19EC712D008E50C8 /* Release */,
			);
			defaultConfigurationIsVisible = 0;
			defaultConfigurationName = Release;
		};
/* End XCConfigurationList section */
	};
	rootObject = C441A90F19EC712D008E50C8 /* Project object */;
}
